
Microsoft Visual Studio Solution File, Format Version 12.00
# Visual Studio Version 16
VisualStudioVersion = 16.0.32002.261
MinimumVisualStudioVersion = 10.0.40219.1
Project("{FAE04EC0-301F-11D3-BF4B-00C04F79EFBC}") = "Transaction Application", "Transaction Application\Transaction Application.csproj", "{2D2B2137-488B-496B-929E-2A9850F42DDF}"
EndProject
Global
	GlobalSection(SolutionConfigurationPlatforms) = preSolution
		Debug|Any CPU = Debug|Any CPU
		Release|Any CPU = Release|Any CPU
	EndGlobalSection
	GlobalSection(ProjectConfigurationPlatforms) = postSolution
		{2D2B2137-488B-496B-929E-2A9850F42DDF}.Debug|Any CPU.ActiveCfg = Debug|Any CPU
		{2D2B2137-488B-496B-929E-2A9850F42DDF}.Debug|Any CPU.Build.0 = Debug|Any CPU
		{2D2B2137-488B-496B-929E-2A9850F42DDF}.Release|Any CPU.ActiveCfg = Release|Any CPU
		{2D2B2137-488B-496B-929E-2A9850F42DDF}.Release|Any CPU.Build.0 = Release|Any CPU
	EndGlobalSection
	GlobalSection(SolutionProperties) = preSolution
		HideSolutionNode = FALSE
	EndGlobalSection
	GlobalSection(ExtensibilityGlobals) = postSolution
		SolutionGuid = {1F7ACA0A-2287-43C4-A29D-EDA7C18CA7B0}
	EndGlobalSection
EndGlobal
