
Microsoft Visual Studio Solution File, Format Version 12.00
# Visual Studio Version 16
VisualStudioVersion = 16.0.32002.261
MinimumVisualStudioVersion = 10.0.40219.1
Project("{FAE04EC0-301F-11D3-BF4B-00C04F79EFBC}") = "Bill Generator", "Bill Generator\Bill Generator.csproj", "{C84D3697-FAB0-4765-A86F-222184DA858C}"
EndProject
Global
	GlobalSection(SolutionConfigurationPlatforms) = preSolution
		Debug|Any CPU = Debug|Any CPU
		Release|Any CPU = Release|Any CPU
	EndGlobalSection
	GlobalSection(ProjectConfigurationPlatforms) = postSolution
		{C84D3697-FAB0-4765-A86F-222184DA858C}.Debug|Any CPU.ActiveCfg = Debug|Any CPU
		{C84D3697-FAB0-4765-A86F-222184DA858C}.Debug|Any CPU.Build.0 = Debug|Any CPU
		{C84D3697-FAB0-4765-A86F-222184DA858C}.Release|Any CPU.ActiveCfg = Release|Any CPU
		{C84D3697-FAB0-4765-A86F-222184DA858C}.Release|Any CPU.Build.0 = Release|Any CPU
	EndGlobalSection
	GlobalSection(SolutionProperties) = preSolution
		HideSolutionNode = FALSE
	EndGlobalSection
	GlobalSection(ExtensibilityGlobals) = postSolution
		SolutionGuid = {EC09E2E5-C4BA-47DD-A2A8-AC268E538367}
	EndGlobalSection
EndGlobal
