
Microsoft Visual Studio Solution File, Format Version 12.00
# Visual Studio Version 16
VisualStudioVersion = 16.0.32002.261
MinimumVisualStudioVersion = 10.0.40219.1
Project("{FAE04EC0-301F-11D3-BF4B-00C04F79EFBC}") = "Web UI (Report) Application", "Web UI (Report) Application\Web UI (Report) Application.csproj", "{412852C4-4693-4752-A9DA-6A721BAFF2DB}"
EndProject
Global
	GlobalSection(SolutionConfigurationPlatforms) = preSolution
		Debug|Any CPU = Debug|Any CPU
		Release|Any CPU = Release|Any CPU
	EndGlobalSection
	GlobalSection(ProjectConfigurationPlatforms) = postSolution
		{412852C4-4693-4752-A9DA-6A721BAFF2DB}.Debug|Any CPU.ActiveCfg = Debug|Any CPU
		{412852C4-4693-4752-A9DA-6A721BAFF2DB}.Debug|Any CPU.Build.0 = Debug|Any CPU
		{412852C4-4693-4752-A9DA-6A721BAFF2DB}.Release|Any CPU.ActiveCfg = Release|Any CPU
		{412852C4-4693-4752-A9DA-6A721BAFF2DB}.Release|Any CPU.Build.0 = Release|Any CPU
	EndGlobalSection
	GlobalSection(SolutionProperties) = preSolution
		HideSolutionNode = FALSE
	EndGlobalSection
	GlobalSection(ExtensibilityGlobals) = postSolution
		SolutionGuid = {D6C8D258-4A01-468A-88EB-121EBEBD8F83}
	EndGlobalSection
EndGlobal
